<?xml version="1.0" encoding="utf-8"?>
<Project ToolsVersion="4.0" xmlns="http://schemas.microsoft.com/developer/msbuild/2003">
  <ItemGroup>
    <Filter Include="Source Files">
      <UniqueIdentifier>{4FC737F1-C7A5-4376-A066-2A32D752A2FF}</UniqueIdentifier>
      <Extensions>cpp;c;cc;cxx;def;odl;idl;hpj;bat;asm;asmx</Extensions>
    </Filter>
    <Filter Include="Header Files">
      <UniqueIdentifier>{93995380-89BD-4b04-88EB-625FBE52EBFB}</UniqueIdentifier>
      <Extensions>h;hpp;hxx;hm;inl;inc;xsd</Extensions>
    </Filter>
    <Filter Include="Resource Files">
      <UniqueIdentifier>{67DA6AB6-F800-4c08-8B7A-83BB121AAD01}</UniqueIdentifier>
      <Extensions>rc;ico;cur;bmp;dlg;rc2;rct;bin;rgs;gif;jpg;jpeg;jpe;resx;tiff;tif;png;wav;mfcribbon-ms</Extensions>
    </Filter>
  </ItemGroup>
  <ItemGroup>
    <Text Include="ReadMe.txt" />
  </ItemGroup>
  <ItemGroup>
    <ClInclude Include="stdafx.h">
      <Filter>Header Files</Filter>
    </ClInclude>
    <ClInclude Include="targetver.h">
      <Filter>Header Files</Filter>
    </ClInclude>
    <ClInclude Include="PrivateToPublicTest.h">
      <Filter>Header Files</Filter>
    </ClInclude>
    <ClInclude Include="CallVirtualMethodInContstructorTest.h">
      <Filter>Header Files</Filter>
    </ClInclude>
    <ClInclude Include="SingletonTest.h">
      <Filter>Header Files</Filter>
    </ClInclude>
    <ClInclude Include="ConcurrencyTest.h">
      <Filter>Header Files</Filter>
    </ClInclude>
    <ClInclude Include="NamedParameterTest.h">
      <Filter>Header Files</Filter>
    </ClInclude>
    <ClInclude Include="VariantTest.h">
      <Filter>Header Files</Filter>
    </ClInclude>
    <ClInclude Include="TemplateTest.h">
      <Filter>Header Files</Filter>
    </ClInclude>
    <ClInclude Include="TemplateTestImpl.h">
      <Filter>Header Files</Filter>
    </ClInclude>
    <ClInclude Include="OperatorTest.h">
      <Filter>Header Files</Filter>
    </ClInclude>
    <ClInclude Include="ExplicitTest.h">
      <Filter>Header Files</Filter>
    </ClInclude>
    <ClInclude Include="ClassEnumTest.h">
      <Filter>Header Files</Filter>
    </ClInclude>
    <ClInclude Include="BitwiseMemberTest.h">
      <Filter>Header Files</Filter>
    </ClInclude>
    <ClInclude Include="SizeofTest.h">
      <Filter>Header Files</Filter>
    </ClInclude>
    <ClInclude Include="IteratorPerformanceTest.h">
      <Filter>Header Files</Filter>
    </ClInclude>
    <ClInclude Include="MemberCutTest.h">
      <Filter>Header Files</Filter>
    </ClInclude>
    <ClInclude Include="OverrideKeywordTest.h">
      <Filter>Header Files</Filter>
    </ClInclude>
    <ClInclude Include="STLTest.h">
      <Filter>Header Files</Filter>
    </ClInclude>
    <ClInclude Include="StdIntTest.h">
      <Filter>Header Files</Filter>
    </ClInclude>
  </ItemGroup>
  <ItemGroup>
    <ClCompile Include="stdafx.cpp">
      <Filter>Source Files</Filter>
    </ClCompile>
    <ClCompile Include="cppAPI.cpp">
      <Filter>Source Files</Filter>
    </ClCompile>
    <ClCompile Include="PrivateToPublicTest.cpp">
      <Filter>Source Files</Filter>
    </ClCompile>
    <ClCompile Include="CallVirtualMethodInContstructorTest.cpp">
      <Filter>Source Files</Filter>
    </ClCompile>
    <ClCompile Include="SingletonTest.cpp">
      <Filter>Source Files</Filter>
    </ClCompile>
    <ClCompile Include="ConcurrencyTest.cpp">
      <Filter>Source Files</Filter>
    </ClCompile>
    <ClCompile Include="NamedParameterTest.cpp">
      <Filter>Source Files</Filter>
    </ClCompile>
    <ClCompile Include="VariantTest.cpp">
      <Filter>Source Files</Filter>
    </ClCompile>
    <ClCompile Include="TemplateTest.cpp">
      <Filter>Source Files</Filter>
    </ClCompile>
    <ClCompile Include="OperatorTest.cpp">
      <Filter>Source Files</Filter>
    </ClCompile>
    <ClCompile Include="ExplicitTest.cpp">
      <Filter>Source Files</Filter>
    </ClCompile>
    <ClCompile Include="ClassEnumTest.cpp">
      <Filter>Source Files</Filter>
    </ClCompile>
    <ClCompile Include="OverrideKeywordTest.cpp">
      <Filter>Source Files</Filter>
    </ClCompile>
    <ClCompile Include="STLTest.cpp">
      <Filter>Source Files</Filter>
    </ClCompile>
    <ClCompile Include="StdIntTest.cpp">
      <Filter>Source Files</Filter>
    </ClCompile>
  </ItemGroup>
</Project>